{
  "object": {
    "pins": [
      {
        "package": "Alamofire",
        "repositoryURL": "https://github.com/Alamofire/Alamofire.git",
        "state": {
          "branch": null,
          "revision": "f96b619bcb2383b43d898402283924b80e2c4bae",
          "version": "5.4.3"
        }
      },
      {
        "package": "Hero",
        "repositoryURL": "https://github.com/HeroTransitions/Hero.git",
        "state": {
          "branch": null,
          "revision": "efa709686035831b23b7bf58f652b0c4b892aa1d",
          "version": "1.6.1"
        }
      },
      {
        "package": "Lottie",
        "repositoryURL": "https://github.com/airbnb/lottie-ios.git",
        "state": {
          "branch": null,
          "revision": "79a0b70547f7c40ea54c67487f935fa2f2eaaadc",
          "version": "3.2.3"
        }
      },
      {
        "package": "NVActivityIndicatorView",
        "repositoryURL": "https://github.com/ninjaprox/NVActivityIndicatorView.git",
        "state": {
          "branch": null,
          "revision": "bcb52371f2259254bac6690f92bb474a61768c47",
          "version": "5.1.1"
        }
      },
      {
        "package": "SDWebImage",
        "repositoryURL": "https://github.com/SDWebImage/SDWebImage.git",
        "state": {
          "branch": null,
          "revision": "76dd4b49110b8624317fc128e7fa0d8a252018bc",
          "version": "5.11.1"
        }
      }
    ]
  },
  "version": 1
}
